
Microsoft Visual Studio Solution File, Format Version 12.00
# Visual Studio Version 17
VisualStudioVersion = 17.8.34525.116
MinimumVisualStudioVersion = 10.0.40219.1
Project("{FAE04EC0-301F-11D3-BF4B-00C04F79EFBC}") = "NewDVLD_Project", "NewDVLD_Project.csproj", "{A1B2516C-A46B-40FA-A3BB-1E6A37E85B0B}"
EndProject
Project("{FAE04EC0-301F-11D3-BF4B-00C04F79EFBC}") = "DVLD_DataAccess", "..\DVLD_DataAccess\DVLD_DataAccess.csproj", "{C705CC5D-8FB0-4960-A5D4-75E324CA9983}"
EndProject
Project("{FAE04EC0-301F-11D3-BF4B-00C04F79EFBC}") = "DVLD_Buisness", "..\DVLD_Buisness\DVLD_Buisness.csproj", "{63D61849-E0E9-4DED-9C14-0BE561B5BC52}"
EndProject
Global
	GlobalSection(SolutionConfigurationPlatforms) = preSolution
		Debug|Any CPU = Debug|Any CPU
		Release|Any CPU = Release|Any CPU
	EndGlobalSection
	GlobalSection(ProjectConfigurationPlatforms) = postSolution
		{A1B2516C-A46B-40FA-A3BB-1E6A37E85B0B}.Debug|Any CPU.ActiveCfg = Debug|Any CPU
		{A1B2516C-A46B-40FA-A3BB-1E6A37E85B0B}.Debug|Any CPU.Build.0 = Debug|Any CPU
		{A1B2516C-A46B-40FA-A3BB-1E6A37E85B0B}.Release|Any CPU.ActiveCfg = Release|Any CPU
		{A1B2516C-A46B-40FA-A3BB-1E6A37E85B0B}.Release|Any CPU.Build.0 = Release|Any CPU
		{C705CC5D-8FB0-4960-A5D4-75E324CA9983}.Debug|Any CPU.ActiveCfg = Debug|Any CPU
		{C705CC5D-8FB0-4960-A5D4-75E324CA9983}.Debug|Any CPU.Build.0 = Debug|Any CPU
		{C705CC5D-8FB0-4960-A5D4-75E324CA9983}.Release|Any CPU.ActiveCfg = Release|Any CPU
		{C705CC5D-8FB0-4960-A5D4-75E324CA9983}.Release|Any CPU.Build.0 = Release|Any CPU
		{63D61849-E0E9-4DED-9C14-0BE561B5BC52}.Debug|Any CPU.ActiveCfg = Debug|Any CPU
		{63D61849-E0E9-4DED-9C14-0BE561B5BC52}.Debug|Any CPU.Build.0 = Debug|Any CPU
		{63D61849-E0E9-4DED-9C14-0BE561B5BC52}.Release|Any CPU.ActiveCfg = Release|Any CPU
		{63D61849-E0E9-4DED-9C14-0BE561B5BC52}.Release|Any CPU.Build.0 = Release|Any CPU
	EndGlobalSection
	GlobalSection(SolutionProperties) = preSolution
		HideSolutionNode = FALSE
	EndGlobalSection
	GlobalSection(ExtensibilityGlobals) = postSolution
		SolutionGuid = {104866B2-21F2-44D1-B03A-F7191267320A}
	EndGlobalSection
EndGlobal
